
Microsoft Visual Studio Solution File, Format Version 12.00
# Visual Studio Version 17
VisualStudioVersion = 17.7.34018.315
MinimumVisualStudioVersion = 10.0.40219.1
Project("{9A19103F-16F7-4668-BE54-9A1E7A4F7556}") = "Net.Cache", "src\Net.Cache\Net.Cache.csproj", "{49DE83A0-6BBC-495B-8AC2-902176B429EC}"
EndProject
Project("{2150E333-8FDC-42A3-9474-1A3956D46DE8}") = "src", "src", "{465E443D-C1F0-44C1-AFEE-27346549062C}"
EndProject
Project("{2150E333-8FDC-42A3-9474-1A3956D46DE8}") = "tests", "tests", "{41B3D0C4-EDCF-42B5-9805-BA67A2557819}"
EndProject
Project("{FAE04EC0-301F-11D3-BF4B-00C04F79EFBC}") = "Net.Cache.Tests", "tests\Net.Cache.Tests\Net.Cache.Tests.csproj", "{66CB4C95-0BC8-46E4-B379-2500F756CC72}"
EndProject
Project("{2150E333-8FDC-42A3-9474-1A3956D46DE8}") = "other", "other", "{8FEDAEAC-360D-463A-BD67-97D19FBFC1CE}"
EndProject
Project("{FAE04EC0-301F-11D3-BF4B-00C04F79EFBC}") = "LazyCache.Example", "other\CacheManager\LazyCache.Example.csproj", "{6BF1556E-119B-4ACC-A4E4-220338B0C2A4}"
EndProject
Global
	GlobalSection(SolutionConfigurationPlatforms) = preSolution
		Debug|Any CPU = Debug|Any CPU
		Release|Any CPU = Release|Any CPU
	EndGlobalSection
	GlobalSection(ProjectConfigurationPlatforms) = postSolution
		{49DE83A0-6BBC-495B-8AC2-902176B429EC}.Debug|Any CPU.ActiveCfg = Debug|Any CPU
		{49DE83A0-6BBC-495B-8AC2-902176B429EC}.Debug|Any CPU.Build.0 = Debug|Any CPU
		{49DE83A0-6BBC-495B-8AC2-902176B429EC}.Release|Any CPU.ActiveCfg = Release|Any CPU
		{49DE83A0-6BBC-495B-8AC2-902176B429EC}.Release|Any CPU.Build.0 = Release|Any CPU
		{66CB4C95-0BC8-46E4-B379-2500F756CC72}.Debug|Any CPU.ActiveCfg = Debug|Any CPU
		{66CB4C95-0BC8-46E4-B379-2500F756CC72}.Debug|Any CPU.Build.0 = Debug|Any CPU
		{66CB4C95-0BC8-46E4-B379-2500F756CC72}.Release|Any CPU.ActiveCfg = Release|Any CPU
		{66CB4C95-0BC8-46E4-B379-2500F756CC72}.Release|Any CPU.Build.0 = Release|Any CPU
		{6BF1556E-119B-4ACC-A4E4-220338B0C2A4}.Debug|Any CPU.ActiveCfg = Debug|Any CPU
		{6BF1556E-119B-4ACC-A4E4-220338B0C2A4}.Debug|Any CPU.Build.0 = Debug|Any CPU
		{6BF1556E-119B-4ACC-A4E4-220338B0C2A4}.Release|Any CPU.ActiveCfg = Release|Any CPU
		{6BF1556E-119B-4ACC-A4E4-220338B0C2A4}.Release|Any CPU.Build.0 = Release|Any CPU
	EndGlobalSection
	GlobalSection(SolutionProperties) = preSolution
		HideSolutionNode = FALSE
	EndGlobalSection
	GlobalSection(NestedProjects) = preSolution
		{49DE83A0-6BBC-495B-8AC2-902176B429EC} = {465E443D-C1F0-44C1-AFEE-27346549062C}
		{66CB4C95-0BC8-46E4-B379-2500F756CC72} = {41B3D0C4-EDCF-42B5-9805-BA67A2557819}
		{6BF1556E-119B-4ACC-A4E4-220338B0C2A4} = {8FEDAEAC-360D-463A-BD67-97D19FBFC1CE}
	EndGlobalSection
	GlobalSection(ExtensibilityGlobals) = postSolution
		SolutionGuid = {AC133F3C-6217-4480-BE85-5FC5A69C31AA}
	EndGlobalSection
EndGlobal
